
Microsoft Visual Studio Solution File, Format Version 12.00
# Visual Studio Version 17
VisualStudioVersion = 17.1.32210.238
MinimumVisualStudioVersion = 10.0.40219.1
Project("{9A19103F-16F7-4668-BE54-9A1E7A4F7556}") = "FoxSky.Img", "FoxSky.Img\FoxSky.Img.csproj", "{114900D8-3DB1-4F74-B3DB-CB40D08568C6}"
	ProjectSection(ProjectDependencies) = postProject
		{AD6F0A38-228B-4352-810E-7A3D30B141CA} = {AD6F0A38-228B-4352-810E-7A3D30B141CA}
	EndProjectSection
EndProject
Project("{FAE04EC0-301F-11D3-BF4B-00C04F79EFBC}") = "FoxSky.Img.Test", "FoxSky.Img.Test\FoxSky.Img.Test.csproj", "{AD6F0A38-228B-4352-810E-7A3D30B141CA}"
EndProject
Global
	GlobalSection(SolutionConfigurationPlatforms) = preSolution
		Debug|Any CPU = Debug|Any CPU
		Release|Any CPU = Release|Any CPU
	EndGlobalSection
	GlobalSection(ProjectConfigurationPlatforms) = postSolution
		{114900D8-3DB1-4F74-B3DB-CB40D08568C6}.Debug|Any CPU.ActiveCfg = Debug|Any CPU
		{114900D8-3DB1-4F74-B3DB-CB40D08568C6}.Debug|Any CPU.Build.0 = Debug|Any CPU
		{114900D8-3DB1-4F74-B3DB-CB40D08568C6}.Release|Any CPU.ActiveCfg = Release|Any CPU
		{114900D8-3DB1-4F74-B3DB-CB40D08568C6}.Release|Any CPU.Build.0 = Release|Any CPU
		{AD6F0A38-228B-4352-810E-7A3D30B141CA}.Debug|Any CPU.ActiveCfg = Debug|Any CPU
		{AD6F0A38-228B-4352-810E-7A3D30B141CA}.Debug|Any CPU.Build.0 = Debug|Any CPU
		{AD6F0A38-228B-4352-810E-7A3D30B141CA}.Release|Any CPU.ActiveCfg = Release|Any CPU
		{AD6F0A38-228B-4352-810E-7A3D30B141CA}.Release|Any CPU.Build.0 = Release|Any CPU
	EndGlobalSection
	GlobalSection(SolutionProperties) = preSolution
		HideSolutionNode = FALSE
	EndGlobalSection
	GlobalSection(ExtensibilityGlobals) = postSolution
		SolutionGuid = {408AC49D-250F-4D09-881A-CA2EC02626C2}
	EndGlobalSection
EndGlobal
